PODS:
  - Charts (3.5.0):
    - Charts/Core (= 3.5.0)
  - Charts/Core (3.5.0)
  - IQKeyboardManagerSwift (6.5.6)

DEPENDENCIES:
  - Charts
  - IQKeyboardManagerSwift

SPEC REPOS:
  trunk:
    - Charts
    - IQKeyboardManagerSwift

SPEC CHECKSUMS:
  Charts: 40a08591df1f8ad5c223ddedfb1a06da92f24f7c
  IQKeyboardManagerSwift: c7df9d2deb356c04522f5c4b7b6e4ce4d8ed94fe

PODFILE CHECKSUM: 4c4e682fa505a79836c952bf89e23dccf31a9865

COCOAPODS: 1.10.0
